{
  "name": "nodejs",
  "version": "1.0.0",
  "lockfileVersion": 1,
  "requires": true,
  "dependencies": {
    "comander": {
      "version": "0.0.1-security",
      "resolved": "https://registry.npmjs.org/comander/-/comander-0.0.1-security.tgz",
      "integrity": "sha512-cxCGvHkaEtEsBsKjz8XrAiaOIkecgmMvhetsaxQYt35e8MEW4ATPevJTrzOrpAd1NyWmgIpLrwPLhQoHvnj89w=="
    },
    "commander": {
      "version": "2.18.0",
      "resolved": "https://registry.npmjs.org/commander/-/commander-2.18.0.tgz",
      "integrity": "sha512-6CYPa+JP2ftfRU2qkDK+UTVeQYosOg/2GbcjIcKPHfinyOLPVGXu/ovN86RP49Re5ndJK1N0kuiidFFuepc4ZQ=="
    }
  }
}
