{
  "name": "angular-quickstart",
  "version": "1.0.0",
  "lockfileVersion": 1,
  "requires": true,
  "dependencies": {
    "@angular/common": {
      "version": "4.4.3",
      "resolved": "https://registry.npmjs.org/@angular/common/-/common-4.4.3.tgz",
      "integrity": "sha1-+SrGiwK+xfDm02A6hDKU3JbJYHQ="
    },
    "@angular/compiler": {
      "version": "4.4.3",
      "resolved": "https://registry.npmjs.org/@angular/compiler/-/compiler-4.4.3.tgz",
      "integrity": "sha1-jwEWPa19s0CEl9mdOHVUtrGFrWY="
    },
    "@angular/core": {
      "version": "4.4.3",
      "resolved": "https://registry.npmjs.org/@angular/core/-/core-4.4.3.tgz",
      "integrity": "sha1-5x0rB76qy6tIq39R1OIobqXXDhU="
    },
    "@angular/forms": {
      "version": "4.4.3",
      "resolved": "https://registry.npmjs.org/@angular/forms/-/forms-4.4.3.tgz",
      "integrity": "sha1-JbQburWL8dqHJBHIUXwQ18U3PY4="
    },
    "@angular/http": {
      "version": "4.4.3",
      "resolved": "https://registry.npmjs.org/@angular/http/-/http-4.4.3.tgz",
      "integrity": "sha1-tVftJBRKrMRLE2zUd+hNL1eAiQM="
    },
    "@angular/platform-browser": {
      "version": "4.4.3",
      "resolved": "https://registry.npmjs.org/@angular/platform-browser/-/platform-browser-4.4.3.tgz",
      "integrity": "sha1-I/mkW9Pcf0TZeHf7+OYDLez8ncs="
    },
    "@angular/platform-browser-dynamic": {
      "version": "4.4.3",
      "resolved": "https://registry.npmjs.org/@angular/platform-browser-dynamic/-/platform-browser-dynamic-4.4.3.tgz",
      "integrity": "sha1-5B3dglJDJ3UxDqtZQM3Y3wYY8IQ="
    },
    "@angular/router": {
      "version": "4.4.3",
      "resolved": "https://registry.npmjs.org/@angular/router/-/router-4.4.3.tgz",
      "integrity": "sha1-JsyUd1o4YJRq6vHC6PYPTUTpCZE="
    },
    "@types/core-js": {
      "version": "0.9.36",
      "resolved": "https://registry.npmjs.org/@types/core-js/-/core-js-0.9.36.tgz",
      "integrity": "sha1-1yHnzAAH0QzmatJj6/R4pAccU/Q=",
      "dev": true
    },
    "@types/node": {
      "version": "6.0.88",
      "resolved": "https://registry.npmjs.org/@types/node/-/node-6.0.88.tgz",
      "integrity": "sha512-bYDPZTX0/s1aihdjLuAgogUAT5M+TpoWChEMea2p0yOcfn5bu3k6cJb9cp6nw268XeSNIGGr+4+/8V5K6BGzLQ==",
      "dev": true
    },
    "angular-in-memory-web-api": {
      "version": "0.3.2",
      "resolved": "https://registry.npmjs.org/angular-in-memory-web-api/-/angular-in-memory-web-api-0.3.2.tgz",
      "integrity": "sha1-iDbZ4lNNN7co88taHK9v4ef7vs0="
    },
    "bootstrap": {
      "version": "3.4.1",
      "resolved": "https://registry.npmjs.org/bootstrap/-/bootstrap-3.4.1.tgz",
      "integrity": "sha512-yN5oZVmRCwe5aKwzRj6736nSmKDX7pLYwsXiCj/EYmo16hODaBiT4En5btW/jhBF/seV+XMx3aYwukYC3A49DA==",
      "dev": true
    },
    "concurrently": {
      "version": "3.5.0",
      "resolved": "https://registry.npmjs.org/concurrently/-/concurrently-3.5.0.tgz",
      "integrity": "sha1-jPG3cHppFqeKT/W3e7BN7FSzebI=",
      "dev": true
    },
    "core-js": {
      "version": "2.5.1",
      "resolved": "https://registry.npmjs.org/core-js/-/core-js-2.5.1.tgz",
      "integrity": "sha1-rmh03GaTd4m4B1T/VCjfZoGcpQs="
    },
    "jquery": {
      "version": "3.2.1",
      "resolved": "https://registry.npmjs.org/jquery/-/jquery-3.2.1.tgz",
      "integrity": "sha1-XE2d5lKvbNCncBVKYxu6ErAVx4c=",
      "dev": true
    },
    "lite-server": {
      "version": "2.3.0",
      "resolved": "https://registry.npmjs.org/lite-server/-/lite-server-2.3.0.tgz",
      "integrity": "sha1-W0zI9dX9SDYQVICrKsSKOg3isMg=",
      "dev": true
    },
    "rxjs": {
      "version": "5.4.3",
      "resolved": "https://registry.npmjs.org/rxjs/-/rxjs-5.4.3.tgz",
      "integrity": "sha512-fSNi+y+P9ss+EZuV0GcIIqPUK07DEaMRUtLJvdcvMyFjc9dizuDjere+A4V7JrLGnm9iCc+nagV/4QdMTkqC4A=="
    },
    "systemjs": {
      "version": "0.19.40",
      "resolved": "https://registry.npmjs.org/systemjs/-/systemjs-0.19.40.tgz",
      "integrity": "sha1-FY9kqfTvVBp/2mtA5SfuRrbFTNA="
    },
    "typescript": {
      "version": "2.5.2",
      "resolved": "https://registry.npmjs.org/typescript/-/typescript-2.5.2.tgz",
      "integrity": "sha1-A4qV99m7tCCxvzW6MdTFwd0//jQ=",
      "dev": true
    },
    "zone.js": {
      "version": "0.8.17",
      "resolved": "https://registry.npmjs.org/zone.js/-/zone.js-0.8.17.tgz",
      "integrity": "sha1-TF5RhahX2o2nk9rzkZNxxaNrKgs="
    }
  }
}
